
Microsoft Visual Studio Solution File, Format Version 12.00
# Visual Studio Version 16
VisualStudioVersion = 16.0.32106.194
MinimumVisualStudioVersion = 10.0.40219.1
Project("{9A19103F-16F7-4668-BE54-9A1E7A4F7556}") = "SoundboardWrapper", "SoundboardWrapper\SoundboardWrapper.csproj", "{5C7E7068-ED70-4C6F-9B3F-8F0F17C8D062}"
EndProject
Project("{9A19103F-16F7-4668-BE54-9A1E7A4F7556}") = "SoundboardWrapper.Core", "SoundboardWrapper.Core\SoundboardWrapper.Core.csproj", "{B943C504-5C6E-4E37-ACE9-2DA9AE7A8EF6}"
EndProject
Project("{9A19103F-16F7-4668-BE54-9A1E7A4F7556}") = "SYWCentralLogging", "Libraries\SYWCentralLogging\SYWCentralLogging.csproj", "{24557D03-8ABD-4F6D-8149-90B731F9F9D4}"
EndProject
Project("{9A19103F-16F7-4668-BE54-9A1E7A4F7556}") = "SYWPipeNetworkManager", "Libraries\SYWPipeNetworkManager\SYWPipeNetworkManager.csproj", "{631D8CD4-943B-401D-BF4E-552F86D59937}"
EndProject
Project("{FAE04EC0-301F-11D3-BF4B-00C04F79EFBC}") = "SoundboardWrapper.MicPassthrough", "SoundboardWrapper.MicPassthrough\SoundboardWrapper.MicPassthrough.csproj", "{BAA91312-F43D-43F7-9754-2B7FBC3F0F67}"
EndProject
Global
	GlobalSection(SolutionConfigurationPlatforms) = preSolution
		Debug|Any CPU = Debug|Any CPU
		Release|Any CPU = Release|Any CPU
	EndGlobalSection
	GlobalSection(ProjectConfigurationPlatforms) = postSolution
		{5C7E7068-ED70-4C6F-9B3F-8F0F17C8D062}.Debug|Any CPU.ActiveCfg = Debug|Any CPU
		{5C7E7068-ED70-4C6F-9B3F-8F0F17C8D062}.Debug|Any CPU.Build.0 = Debug|Any CPU
		{5C7E7068-ED70-4C6F-9B3F-8F0F17C8D062}.Release|Any CPU.ActiveCfg = Release|Any CPU
		{5C7E7068-ED70-4C6F-9B3F-8F0F17C8D062}.Release|Any CPU.Build.0 = Release|Any CPU
		{B943C504-5C6E-4E37-ACE9-2DA9AE7A8EF6}.Debug|Any CPU.ActiveCfg = Debug|Any CPU
		{B943C504-5C6E-4E37-ACE9-2DA9AE7A8EF6}.Debug|Any CPU.Build.0 = Debug|Any CPU
		{B943C504-5C6E-4E37-ACE9-2DA9AE7A8EF6}.Release|Any CPU.ActiveCfg = Release|Any CPU
		{B943C504-5C6E-4E37-ACE9-2DA9AE7A8EF6}.Release|Any CPU.Build.0 = Release|Any CPU
		{24557D03-8ABD-4F6D-8149-90B731F9F9D4}.Debug|Any CPU.ActiveCfg = Debug|Any CPU
		{24557D03-8ABD-4F6D-8149-90B731F9F9D4}.Debug|Any CPU.Build.0 = Debug|Any CPU
		{24557D03-8ABD-4F6D-8149-90B731F9F9D4}.Release|Any CPU.ActiveCfg = Release|Any CPU
		{24557D03-8ABD-4F6D-8149-90B731F9F9D4}.Release|Any CPU.Build.0 = Release|Any CPU
		{631D8CD4-943B-401D-BF4E-552F86D59937}.Debug|Any CPU.ActiveCfg = Debug|Any CPU
		{631D8CD4-943B-401D-BF4E-552F86D59937}.Debug|Any CPU.Build.0 = Debug|Any CPU
		{631D8CD4-943B-401D-BF4E-552F86D59937}.Release|Any CPU.ActiveCfg = Release|Any CPU
		{631D8CD4-943B-401D-BF4E-552F86D59937}.Release|Any CPU.Build.0 = Release|Any CPU
		{BAA91312-F43D-43F7-9754-2B7FBC3F0F67}.Debug|Any CPU.ActiveCfg = Debug|Any CPU
		{BAA91312-F43D-43F7-9754-2B7FBC3F0F67}.Debug|Any CPU.Build.0 = Debug|Any CPU
		{BAA91312-F43D-43F7-9754-2B7FBC3F0F67}.Release|Any CPU.ActiveCfg = Release|Any CPU
		{BAA91312-F43D-43F7-9754-2B7FBC3F0F67}.Release|Any CPU.Build.0 = Release|Any CPU
	EndGlobalSection
	GlobalSection(SolutionProperties) = preSolution
		HideSolutionNode = FALSE
	EndGlobalSection
	GlobalSection(ExtensibilityGlobals) = postSolution
		SolutionGuid = {0931EF23-1C87-442D-A011-BB526E90D23C}
	EndGlobalSection
EndGlobal
